PODS:
  - Alamofire (4.7.2)
  - SwiftyJSON (4.1.0)
  - SwiftyXMLParser (4.1.0)

DEPENDENCIES:
  - Alamofire (~> 4.7.2)
  - SwiftyJSON (~> 4.1.0)
  - SwiftyXMLParser (from `https://github.com/yahoojapan/SwiftyXMLParser.git`)

EXTERNAL SOURCES:
  SwiftyXMLParser:
    :git: https://github.com/yahoojapan/SwiftyXMLParser.git

CHECKOUT OPTIONS:
  SwiftyXMLParser:
    :commit: 1ddcad0a09efb85f2325d994c2169cd9ba116ae3
    :git: https://github.com/yahoojapan/SwiftyXMLParser.git

SPEC CHECKSUMS:
  Alamofire: e4fa87002c137ba2d8d634d2c51fabcda0d5c223
  SwiftyJSON: c29297daf073d2aa016295d5809cdd68045c39b3
  SwiftyXMLParser: b5a79fb8a730903703d0a92d30752a0b05158967

PODFILE CHECKSUM: d9a82ea27525c04b2bccbdf67cb0c7ee48d8fc61

COCOAPODS: 1.4.0
